
Microsoft Visual Studio Solution File, Format Version 12.00
# Visual Studio Version 17
VisualStudioVersion = 17.6.33829.357
MinimumVisualStudioVersion = 10.0.40219.1
Project("{FAE04EC0-301F-11D3-BF4B-00C04F79EFBC}") = "task1_Yield", "task1_Yield\task1_Yield.csproj", "{B68AD5B6-7EB5-4563-80D0-3EEF706D4702}"
EndProject
Project("{FAE04EC0-301F-11D3-BF4B-00C04F79EFBC}") = "task2", "task2\task2.csproj", "{7D05B2B5-A725-4538-B027-30C8EA568122}"
EndProject
Global
	GlobalSection(SolutionConfigurationPlatforms) = preSolution
		Debug|Any CPU = Debug|Any CPU
		Release|Any CPU = Release|Any CPU
	EndGlobalSection
	GlobalSection(ProjectConfigurationPlatforms) = postSolution
		{B68AD5B6-7EB5-4563-80D0-3EEF706D4702}.Debug|Any CPU.ActiveCfg = Debug|Any CPU
		{B68AD5B6-7EB5-4563-80D0-3EEF706D4702}.Debug|Any CPU.Build.0 = Debug|Any CPU
		{B68AD5B6-7EB5-4563-80D0-3EEF706D4702}.Release|Any CPU.ActiveCfg = Release|Any CPU
		{B68AD5B6-7EB5-4563-80D0-3EEF706D4702}.Release|Any CPU.Build.0 = Release|Any CPU
		{7D05B2B5-A725-4538-B027-30C8EA568122}.Debug|Any CPU.ActiveCfg = Debug|Any CPU
		{7D05B2B5-A725-4538-B027-30C8EA568122}.Debug|Any CPU.Build.0 = Debug|Any CPU
		{7D05B2B5-A725-4538-B027-30C8EA568122}.Release|Any CPU.ActiveCfg = Release|Any CPU
		{7D05B2B5-A725-4538-B027-30C8EA568122}.Release|Any CPU.Build.0 = Release|Any CPU
	EndGlobalSection
	GlobalSection(SolutionProperties) = preSolution
		HideSolutionNode = FALSE
	EndGlobalSection
	GlobalSection(ExtensibilityGlobals) = postSolution
		SolutionGuid = {028945A7-41C5-4BF6-9C8C-3A7ECFA4E1BD}
	EndGlobalSection
EndGlobal
